
Microsoft Visual Studio Solution File, Format Version 12.00
# Visual Studio Version 16
VisualStudioVersion = 16.0.30309.148
MinimumVisualStudioVersion = 15.0.26124.0
Project("{9A19103F-16F7-4668-BE54-9A1E7A4F7556}") = "AspNetCore.JsonWebKeys", "src\AspNetCore.JsonWebKeys.csproj", "{DFA08B25-FDEE-4478-87F9-F6C4035952BA}"
EndProject
Global
	GlobalSection(SolutionConfigurationPlatforms) = preSolution
		Debug|Any CPU = Debug|Any CPU
		Debug|x64 = Debug|x64
		Debug|x86 = Debug|x86
		Release|Any CPU = Release|Any CPU
		Release|x64 = Release|x64
		Release|x86 = Release|x86
	EndGlobalSection
	GlobalSection(ProjectConfigurationPlatforms) = postSolution
		{DFA08B25-FDEE-4478-87F9-F6C4035952BA}.Debug|Any CPU.ActiveCfg = Debug|Any CPU
		{DFA08B25-FDEE-4478-87F9-F6C4035952BA}.Debug|Any CPU.Build.0 = Debug|Any CPU
		{DFA08B25-FDEE-4478-87F9-F6C4035952BA}.Debug|x64.ActiveCfg = Debug|Any CPU
		{DFA08B25-FDEE-4478-87F9-F6C4035952BA}.Debug|x64.Build.0 = Debug|Any CPU
		{DFA08B25-FDEE-4478-87F9-F6C4035952BA}.Debug|x86.ActiveCfg = Debug|Any CPU
		{DFA08B25-FDEE-4478-87F9-F6C4035952BA}.Debug|x86.Build.0 = Debug|Any CPU
		{DFA08B25-FDEE-4478-87F9-F6C4035952BA}.Release|Any CPU.ActiveCfg = Release|Any CPU
		{DFA08B25-FDEE-4478-87F9-F6C4035952BA}.Release|Any CPU.Build.0 = Release|Any CPU
		{DFA08B25-FDEE-4478-87F9-F6C4035952BA}.Release|x64.ActiveCfg = Release|Any CPU
		{DFA08B25-FDEE-4478-87F9-F6C4035952BA}.Release|x64.Build.0 = Release|Any CPU
		{DFA08B25-FDEE-4478-87F9-F6C4035952BA}.Release|x86.ActiveCfg = Release|Any CPU
		{DFA08B25-FDEE-4478-87F9-F6C4035952BA}.Release|x86.Build.0 = Release|Any CPU
	EndGlobalSection
	GlobalSection(SolutionProperties) = preSolution
		HideSolutionNode = FALSE
	EndGlobalSection
	GlobalSection(ExtensibilityGlobals) = postSolution
		SolutionGuid = {13B46631-86E7-4228-88BF-4BFECD99B093}
	EndGlobalSection
EndGlobal
